<?xml version="1.0" encoding="UTF-8"?>
<Scheme
   LastUpgradeVersion = "0610"
   version = "1.3">
   <BuildAction
      parallelizeBuildables = "YES"
      buildImplicitDependencies = "YES">
      <BuildActionEntries>
         <BuildActionEntry
            buildForTesting = "YES"
            buildForRunning = "YES"
            buildForProfiling = "YES"
            buildForArchiving = "YES"
            buildForAnalyzing = "YES">
            <BuildableReference
               BuildableIdentifier = "primary"
               BlueprintIdentifier = "12FA69241A4DA6000088BE5C"
               BuildableName = "&#x1109;&#x116e;&#x11ba;&#x110c;&#x1161;&#x1103;&#x1173;&#x11bc;&#x1100;&#x1169;&#x1109;&#x1165;&#x11ab;"
               BlueprintName = "&#x1109;&#x116e;&#x11ba;&#x110c;&#x1161;&#x1103;&#x1173;&#x11bc;&#x1100;&#x1169;&#x1109;&#x1165;&#x11ab;"
               ReferencedContainer = "container:&#x1109;&#x116e;&#x11ba;&#x110c;&#x1161;&#x1103;&#x1173;&#x11bc;&#x1100;&#x1169;&#x1109;&#x1165;&#x11ab;.xcodeproj">
            </BuildableReference>
         </BuildActionEntry>
      </BuildActionEntries>
   </BuildAction>
   <TestAction
      selectedDebuggerIdentifier = "Xcode.DebuggerFoundation.Debugger.LLDB"
      selectedLauncherIdentifier = "Xcode.DebuggerFoundation.Launcher.LLDB"
      shouldUseLaunchSchemeArgsEnv = "YES"
      buildConfiguration = "Debug">
      <Testables>
      </Testables>
      <MacroExpansion>
         <BuildableReference
            BuildableIdentifier = "primary"
            BlueprintIdentifier = "12FA69241A4DA6000088BE5C"
            BuildableName = "&#x1109;&#x116e;&#x11ba;&#x110c;&#x1161;&#x1103;&#x1173;&#x11bc;&#x1100;&#x1169;&#x1109;&#x1165;&#x11ab;"
            BlueprintName = "&#x1109;&#x116e;&#x11ba;&#x110c;&#x1161;&#x1103;&#x1173;&#x11bc;&#x1100;&#x1169;&#x1109;&#x1165;&#x11ab;"
            ReferencedContainer = "container:&#x1109;&#x116e;&#x11ba;&#x110c;&#x1161;&#x1103;&#x1173;&#x11bc;&#x1100;&#x1169;&#x1109;&#x1165;&#x11ab;.xcodeproj">
         </BuildableReference>
      </MacroExpansion>
   </TestAction>
   <LaunchAction
      selectedDebuggerIdentifier = "Xcode.DebuggerFoundation.Debugger.LLDB"
      selectedLauncherIdentifier = "Xcode.DebuggerFoundation.Launcher.LLDB"
      launchStyle = "0"
      useCustomWorkingDirectory = "NO"
      buildConfiguration = "Debug"
      ignoresPersistentStateOnLaunch = "NO"
      debugDocumentVersioning = "YES"
      allowLocationSimulation = "YES">
      <BuildableProductRunnable>
         <BuildableReference
            BuildableIdentifier = "primary"
            BlueprintIdentifier = "12FA69241A4DA6000088BE5C"
            BuildableName = "&#x1109;&#x116e;&#x11ba;&#x110c;&#x1161;&#x1103;&#x1173;&#x11bc;&#x1100;&#x1169;&#x1109;&#x1165;&#x11ab;"
            BlueprintName = "&#x1109;&#x116e;&#x11ba;&#x110c;&#x1161;&#x1103;&#x1173;&#x11bc;&#x1100;&#x1169;&#x1109;&#x1165;&#x11ab;"
            ReferencedContainer = "container:&#x1109;&#x116e;&#x11ba;&#x110c;&#x1161;&#x1103;&#x1173;&#x11bc;&#x1100;&#x1169;&#x1109;&#x1165;&#x11ab;.xcodeproj">
         </BuildableReference>
      </BuildableProductRunnable>
      <AdditionalOptions>
      </AdditionalOptions>
   </LaunchAction>
   <ProfileAction
      shouldUseLaunchSchemeArgsEnv = "YES"
      savedToolIdentifier = ""
      useCustomWorkingDirectory = "NO"
      buildConfiguration = "Release"
      debugDocumentVersioning = "YES">
      <BuildableProductRunnable>
         <BuildableReference
            BuildableIdentifier = "primary"
            BlueprintIdentifier = "12FA69241A4DA6000088BE5C"
            BuildableName = "&#x1109;&#x116e;&#x11ba;&#x110c;&#x1161;&#x1103;&#x1173;&#x11bc;&#x1100;&#x1169;&#x1109;&#x1165;&#x11ab;"
            BlueprintName = "&#x1109;&#x116e;&#x11ba;&#x110c;&#x1161;&#x1103;&#x1173;&#x11bc;&#x1100;&#x1169;&#x1109;&#x1165;&#x11ab;"
            ReferencedContainer = "container:&#x1109;&#x116e;&#x11ba;&#x110c;&#x1161;&#x1103;&#x1173;&#x11bc;&#x1100;&#x1169;&#x1109;&#x1165;&#x11ab;.xcodeproj">
         </BuildableReference>
      </BuildableProductRunnable>
   </ProfileAction>
   <AnalyzeAction
      buildConfiguration = "Debug">
   </AnalyzeAction>
   <ArchiveAction
      buildConfiguration = "Release"
      revealArchiveInOrganizer = "YES">
   </ArchiveAction>
</Scheme>
