// !$*UTF8*$!
{
	archiveVersion = 1;
	classes = {
	};
	objectVersion = 46;
	objects = {

/* Begin PBXBuildFile section */
		12BE8EEC1B0A2AD300DD26EB /* main.cpp in Sources */ = {isa = PBXBuildFile; fileRef = 12BE8EEB1B0A2AD300DD26EB /* main.cpp */; };
/* End PBXBuildFile section */

/* Begin PBXCopyFilesBuildPhase section */
		12BE8EE61B0A2AD300DD26EB /* CopyFiles */ = {
			isa = PBXCopyFilesBuildPhase;
			buildActionMask = 2147483647;
			dstPath = /usr/share/man/man1/;
			dstSubfolderSpec = 0;
			files = (
			);
			runOnlyForDeploymentPostprocessing = 1;
		};
/* End PBXCopyFilesBuildPhase section */

/* Begin PBXFileReference section */
		12BE8EE81B0A2AD300DD26EB /* Flood Fill Master */ = {isa = PBXFileReference; explicitFileType = "compiled.mach-o.executable"; includeInIndex = 0; path = "Flood Fill Master"; sourceTree = BUILT_PRODUCTS_DIR; };
		12BE8EEB1B0A2AD300DD26EB /* main.cpp */ = {isa = PBXFileReference; lastKnownFileType = sourcecode.cpp.cpp; path = main.cpp; sourceTree = "<group>"; };
/* End PBXFileReference section */

/* Begin PBXFrameworksBuildPhase section */
		12BE8EE51B0A2AD300DD26EB /* Frameworks */ = {
			isa = PBXFrameworksBuildPhase;
			buildActionMask = 2147483647;
			files = (
			);
			runOnlyForDeploymentPostprocessing = 0;
		};
/* End PBXFrameworksBuildPhase section */

/* Begin PBXGroup section */
		12BE8EDF1B0A2AD300DD26EB = {
			isa = PBXGroup;
			children = (
				12BE8EEA1B0A2AD300DD26EB /* Flood Fill Master */,
				12BE8EE91B0A2AD300DD26EB /* Products */,
			);
			sourceTree = "<group>";
		};
		12BE8EE91B0A2AD300DD26EB /* Products */ = {
			isa = PBXGroup;
			children = (
				12BE8EE81B0A2AD300DD26EB /* Flood Fill Master */,
			);
			name = Products;
			sourceTree = "<group>";
		};
		12BE8EEA1B0A2AD300DD26EB /* Flood Fill Master */ = {
			isa = PBXGroup;
			children = (
				12BE8EEB1B0A2AD300DD26EB /* main.cpp */,
			);
			path = "Flood Fill Master";
			sourceTree = "<group>";
		};
/* End PBXGroup section */

/* Begin PBXNativeTarget section */
		12BE8EE71B0A2AD300DD26EB /* Flood Fill Master */ = {
			isa = PBXNativeTarget;
			buildConfigurationList = 12BE8EEF1B0A2AD300DD26EB /* Build configuration list for PBXNativeTarget "Flood Fill Master" */;
			buildPhases = (
				12BE8EE41B0A2AD300DD26EB /* Sources */,
				12BE8EE51B0A2AD300DD26EB /* Frameworks */,
				12BE8EE61B0A2AD300DD26EB /* CopyFiles */,
			);
			buildRules = (
			);
			dependencies = (
			);
			name = "Flood Fill Master";
			productName = "Flood Fill Master";
			productReference = 12BE8EE81B0A2AD300DD26EB /* Flood Fill Master */;
			productType = "com.apple.product-type.tool";
		};
/* End PBXNativeTarget section */

/* Begin PBXProject section */
		12BE8EE01B0A2AD300DD26EB /* Project object */ = {
			isa = PBXProject;
			attributes = {
				LastUpgradeCheck = 0610;
				ORGANIZATIONNAME = "변민서";
				TargetAttributes = {
					12BE8EE71B0A2AD300DD26EB = {
						CreatedOnToolsVersion = 6.1.1;
					};
				};
			};
			buildConfigurationList = 12BE8EE31B0A2AD300DD26EB /* Build configuration list for PBXProject "Flood Fill Master" */;
			compatibilityVersion = "Xcode 3.2";
			developmentRegion = English;
			hasScannedForEncodings = 0;
			knownRegions = (
				en,
			);
			mainGroup = 12BE8EDF1B0A2AD300DD26EB;
			productRefGroup = 12BE8EE91B0A2AD300DD26EB /* Products */;
			projectDirPath = "";
			projectRoot = "";
			targets = (
				12BE8EE71B0A2AD300DD26EB /* Flood Fill Master */,
			);
		};
/* End PBXProject section */

/* Begin PBXSourcesBuildPhase section */
		12BE8EE41B0A2AD300DD26EB /* Sources */ = {
			isa = PBXSourcesBuildPhase;
			buildActionMask = 2147483647;
			files = (
				12BE8EEC1B0A2AD300DD26EB /* main.cpp in Sources */,
			);
			runOnlyForDeploymentPostprocessing = 0;
		};
/* End PBXSourcesBuildPhase section */

/* Begin XCBuildConfiguration section */
		12BE8EED1B0A2AD300DD26EB /* Debug */ = {
			isa = XCBuildConfiguration;
			buildSettings = {
				ALWAYS_SEARCH_USER_PATHS = NO;
				CLANG_CXX_LANGUAGE_STANDARD = "gnu++0x";
				CLANG_CXX_LIBRARY = "libc++";
				CLANG_ENABLE_MODULES = YES;
				CLANG_ENABLE_OBJC_ARC = YES;
				CLANG_WARN_BOOL_CONVERSION = YES;
				CLANG_WARN_CONSTANT_CONVERSION = YES;
				CLANG_WARN_DIRECT_OBJC_ISA_USAGE = YES_ERROR;
				CLANG_WARN_EMPTY_BODY = YES;
				CLANG_WARN_ENUM_CONVERSION = YES;
				CLANG_WARN_INT_CONVERSION = YES;
				CLANG_WARN_OBJC_ROOT_CLASS = YES_ERROR;
				CLANG_WARN_UNREACHABLE_CODE = YES;
				CLANG_WARN__DUPLICATE_METHOD_MATCH = YES;
				COPY_PHASE_STRIP = NO;
				ENABLE_STRICT_OBJC_MSGSEND = YES;
				GCC_C_LANGUAGE_STANDARD = gnu99;
				GCC_DYNAMIC_NO_PIC = NO;
				GCC_OPTIMIZATION_LEVEL = 0;
				GCC_PREPROCESSOR_DEFINITIONS = (
					"DEBUG=1",
					"$(inherited)",
				);
				GCC_SYMBOLS_PRIVATE_EXTERN = NO;
				GCC_WARN_64_TO_32_BIT_CONVERSION = YES;
				GCC_WARN_ABOUT_RETURN_TYPE = YES_ERROR;
				GCC_WARN_UNDECLARED_SELECTOR = YES;
				GCC_WARN_UNINITIALIZED_AUTOS = YES_AGGRESSIVE;
				GCC_WARN_UNUSED_FUNCTION = YES;
				GCC_WARN_UNUSED_VARIABLE = YES;
				MACOSX_DEPLOYMENT_TARGET = 10.10;
				MTL_ENABLE_DEBUG_INFO = YES;
				ONLY_ACTIVE_ARCH = YES;
				SDKROOT = macosx;
			};
			name = Debug;
		};
		12BE8EEE1B0A2AD300DD26EB /* Release */ = {
			isa = XCBuildConfiguration;
			buildSettings = {
				ALWAYS_SEARCH_USER_PATHS = NO;
				CLANG_CXX_LANGUAGE_STANDARD = "gnu++0x";
				CLANG_CXX_LIBRARY = "libc++";
				CLANG_ENABLE_MODULES = YES;
				CLANG_ENABLE_OBJC_ARC = YES;
				CLANG_WARN_BOOL_CONVERSION = YES;
				CLANG_WARN_CONSTANT_CONVERSION = YES;
				CLANG_WARN_DIRECT_OBJC_ISA_USAGE = YES_ERROR;
				CLANG_WARN_EMPTY_BODY = YES;
				CLANG_WARN_ENUM_CONVERSION = YES;
				CLANG_WARN_INT_CONVERSION = YES;
				CLANG_WARN_OBJC_ROOT_CLASS = YES_ERROR;
				CLANG_WARN_UNREACHABLE_CODE = YES;
				CLANG_WARN__DUPLICATE_METHOD_MATCH = YES;
				COPY_PHASE_STRIP = YES;
				DEBUG_INFORMATION_FORMAT = "dwarf-with-dsym";
				ENABLE_NS_ASSERTIONS = NO;
				ENABLE_STRICT_OBJC_MSGSEND = YES;
				GCC_C_LANGUAGE_STANDARD = gnu99;
				GCC_WARN_64_TO_32_BIT_CONVERSION = YES;
				GCC_WARN_ABOUT_RETURN_TYPE = YES_ERROR;
				GCC_WARN_UNDECLARED_SELECTOR = YES;
				GCC_WARN_UNINITIALIZED_AUTOS = YES_AGGRESSIVE;
				GCC_WARN_UNUSED_FUNCTION = YES;
				GCC_WARN_UNUSED_VARIABLE = YES;
				MACOSX_DEPLOYMENT_TARGET = 10.10;
				MTL_ENABLE_DEBUG_INFO = NO;
				SDKROOT = macosx;
			};
			name = Release;
		};
		12BE8EF01B0A2AD300DD26EB /* Debug */ = {
			isa = XCBuildConfiguration;
			buildSettings = {
				PRODUCT_NAME = "$(TARGET_NAME)";
			};
			name = Debug;
		};
		12BE8EF11B0A2AD300DD26EB /* Release */ = {
			isa = XCBuildConfiguration;
			buildSettings = {
				PRODUCT_NAME = "$(TARGET_NAME)";
			};
			name = Release;
		};
/* End XCBuildConfiguration section */

/* Begin XCConfigurationList section */
		12BE8EE31B0A2AD300DD26EB /* Build configuration list for PBXProject "Flood Fill Master" */ = {
			isa = XCConfigurationList;
			buildConfigurations = (
				12BE8EED1B0A2AD300DD26EB /* Debug */,
				12BE8EEE1B0A2AD300DD26EB /* Release */,
			);
			defaultConfigurationIsVisible = 0;
			defaultConfigurationName = Release;
		};
		12BE8EEF1B0A2AD300DD26EB /* Build configuration list for PBXNativeTarget "Flood Fill Master" */ = {
			isa = XCConfigurationList;
			buildConfigurations = (
				12BE8EF01B0A2AD300DD26EB /* Debug */,
				12BE8EF11B0A2AD300DD26EB /* Release */,
			);
			defaultConfigurationIsVisible = 0;
		};
/* End XCConfigurationList section */
	};
	rootObject = 12BE8EE01B0A2AD300DD26EB /* Project object */;
}
