// !$*UTF8*$!
{
	archiveVersion = 1;
	classes = {
	};
	objectVersion = 46;
	objects = {

/* Begin PBXBuildFile section */
		12BC84211B08DFDE00A94CB7 /* main.cpp in Sources */ = {isa = PBXBuildFile; fileRef = 12BC84201B08DFDE00A94CB7 /* main.cpp */; };
/* End PBXBuildFile section */

/* Begin PBXCopyFilesBuildPhase section */
		12BC841B1B08DFDE00A94CB7 /* CopyFiles */ = {
			isa = PBXCopyFilesBuildPhase;
			buildActionMask = 2147483647;
			dstPath = /usr/share/man/man1/;
			dstSubfolderSpec = 0;
			files = (
			);
			runOnlyForDeploymentPostprocessing = 1;
		};
/* End PBXCopyFilesBuildPhase section */

/* Begin PBXFileReference section */
		12BC841D1B08DFDE00A94CB7 /* ThirtyOne */ = {isa = PBXFileReference; explicitFileType = "compiled.mach-o.executable"; includeInIndex = 0; path = ThirtyOne; sourceTree = BUILT_PRODUCTS_DIR; };
		12BC84201B08DFDE00A94CB7 /* main.cpp */ = {isa = PBXFileReference; lastKnownFileType = sourcecode.cpp.cpp; path = main.cpp; sourceTree = "<group>"; };
/* End PBXFileReference section */

/* Begin PBXFrameworksBuildPhase section */
		12BC841A1B08DFDE00A94CB7 /* Frameworks */ = {
			isa = PBXFrameworksBuildPhase;
			buildActionMask = 2147483647;
			files = (
			);
			runOnlyForDeploymentPostprocessing = 0;
		};
/* End PBXFrameworksBuildPhase section */

/* Begin PBXGroup section */
		12BC84141B08DFDE00A94CB7 = {
			isa = PBXGroup;
			children = (
				12BC841F1B08DFDE00A94CB7 /* ThirtyOne */,
				12BC841E1B08DFDE00A94CB7 /* Products */,
			);
			sourceTree = "<group>";
		};
		12BC841E1B08DFDE00A94CB7 /* Products */ = {
			isa = PBXGroup;
			children = (
				12BC841D1B08DFDE00A94CB7 /* ThirtyOne */,
			);
			name = Products;
			sourceTree = "<group>";
		};
		12BC841F1B08DFDE00A94CB7 /* ThirtyOne */ = {
			isa = PBXGroup;
			children = (
				12BC84201B08DFDE00A94CB7 /* main.cpp */,
			);
			path = ThirtyOne;
			sourceTree = "<group>";
		};
/* End PBXGroup section */

/* Begin PBXNativeTarget section */
		12BC841C1B08DFDE00A94CB7 /* ThirtyOne */ = {
			isa = PBXNativeTarget;
			buildConfigurationList = 12BC84241B08DFDE00A94CB7 /* Build configuration list for PBXNativeTarget "ThirtyOne" */;
			buildPhases = (
				12BC84191B08DFDE00A94CB7 /* Sources */,
				12BC841A1B08DFDE00A94CB7 /* Frameworks */,
				12BC841B1B08DFDE00A94CB7 /* CopyFiles */,
			);
			buildRules = (
			);
			dependencies = (
			);
			name = ThirtyOne;
			productName = ThirtyOne;
			productReference = 12BC841D1B08DFDE00A94CB7 /* ThirtyOne */;
			productType = "com.apple.product-type.tool";
		};
/* End PBXNativeTarget section */

/* Begin PBXProject section */
		12BC84151B08DFDE00A94CB7 /* Project object */ = {
			isa = PBXProject;
			attributes = {
				LastUpgradeCheck = 0610;
				ORGANIZATIONNAME = "변민서";
				TargetAttributes = {
					12BC841C1B08DFDE00A94CB7 = {
						CreatedOnToolsVersion = 6.1.1;
					};
				};
			};
			buildConfigurationList = 12BC84181B08DFDE00A94CB7 /* Build configuration list for PBXProject "ThirtyOne" */;
			compatibilityVersion = "Xcode 3.2";
			developmentRegion = English;
			hasScannedForEncodings = 0;
			knownRegions = (
				en,
			);
			mainGroup = 12BC84141B08DFDE00A94CB7;
			productRefGroup = 12BC841E1B08DFDE00A94CB7 /* Products */;
			projectDirPath = "";
			projectRoot = "";
			targets = (
				12BC841C1B08DFDE00A94CB7 /* ThirtyOne */,
			);
		};
/* End PBXProject section */

/* Begin PBXSourcesBuildPhase section */
		12BC84191B08DFDE00A94CB7 /* Sources */ = {
			isa = PBXSourcesBuildPhase;
			buildActionMask = 2147483647;
			files = (
				12BC84211B08DFDE00A94CB7 /* main.cpp in Sources */,
			);
			runOnlyForDeploymentPostprocessing = 0;
		};
/* End PBXSourcesBuildPhase section */

/* Begin XCBuildConfiguration section */
		12BC84221B08DFDE00A94CB7 /* Debug */ = {
			isa = XCBuildConfiguration;
			buildSettings = {
				ALWAYS_SEARCH_USER_PATHS = NO;
				CLANG_CXX_LANGUAGE_STANDARD = "gnu++0x";
				CLANG_CXX_LIBRARY = "libc++";
				CLANG_ENABLE_MODULES = YES;
				CLANG_ENABLE_OBJC_ARC = YES;
				CLANG_WARN_BOOL_CONVERSION = YES;
				CLANG_WARN_CONSTANT_CONVERSION = YES;
				CLANG_WARN_DIRECT_OBJC_ISA_USAGE = YES_ERROR;
				CLANG_WARN_EMPTY_BODY = YES;
				CLANG_WARN_ENUM_CONVERSION = YES;
				CLANG_WARN_INT_CONVERSION = YES;
				CLANG_WARN_OBJC_ROOT_CLASS = YES_ERROR;
				CLANG_WARN_UNREACHABLE_CODE = YES;
				CLANG_WARN__DUPLICATE_METHOD_MATCH = YES;
				COPY_PHASE_STRIP = NO;
				ENABLE_STRICT_OBJC_MSGSEND = YES;
				GCC_C_LANGUAGE_STANDARD = gnu99;
				GCC_DYNAMIC_NO_PIC = NO;
				GCC_OPTIMIZATION_LEVEL = 0;
				GCC_PREPROCESSOR_DEFINITIONS = (
					"DEBUG=1",
					"$(inherited)",
				);
				GCC_SYMBOLS_PRIVATE_EXTERN = NO;
				GCC_WARN_64_TO_32_BIT_CONVERSION = YES;
				GCC_WARN_ABOUT_RETURN_TYPE = YES_ERROR;
				GCC_WARN_UNDECLARED_SELECTOR = YES;
				GCC_WARN_UNINITIALIZED_AUTOS = YES_AGGRESSIVE;
				GCC_WARN_UNUSED_FUNCTION = YES;
				GCC_WARN_UNUSED_VARIABLE = YES;
				MACOSX_DEPLOYMENT_TARGET = 10.10;
				MTL_ENABLE_DEBUG_INFO = YES;
				ONLY_ACTIVE_ARCH = YES;
				SDKROOT = macosx;
			};
			name = Debug;
		};
		12BC84231B08DFDE00A94CB7 /* Release */ = {
			isa = XCBuildConfiguration;
			buildSettings = {
				ALWAYS_SEARCH_USER_PATHS = NO;
				CLANG_CXX_LANGUAGE_STANDARD = "gnu++0x";
				CLANG_CXX_LIBRARY = "libc++";
				CLANG_ENABLE_MODULES = YES;
				CLANG_ENABLE_OBJC_ARC = YES;
				CLANG_WARN_BOOL_CONVERSION = YES;
				CLANG_WARN_CONSTANT_CONVERSION = YES;
				CLANG_WARN_DIRECT_OBJC_ISA_USAGE = YES_ERROR;
				CLANG_WARN_EMPTY_BODY = YES;
				CLANG_WARN_ENUM_CONVERSION = YES;
				CLANG_WARN_INT_CONVERSION = YES;
				CLANG_WARN_OBJC_ROOT_CLASS = YES_ERROR;
				CLANG_WARN_UNREACHABLE_CODE = YES;
				CLANG_WARN__DUPLICATE_METHOD_MATCH = YES;
				COPY_PHASE_STRIP = YES;
				DEBUG_INFORMATION_FORMAT = "dwarf-with-dsym";
				ENABLE_NS_ASSERTIONS = NO;
				ENABLE_STRICT_OBJC_MSGSEND = YES;
				GCC_C_LANGUAGE_STANDARD = gnu99;
				GCC_WARN_64_TO_32_BIT_CONVERSION = YES;
				GCC_WARN_ABOUT_RETURN_TYPE = YES_ERROR;
				GCC_WARN_UNDECLARED_SELECTOR = YES;
				GCC_WARN_UNINITIALIZED_AUTOS = YES_AGGRESSIVE;
				GCC_WARN_UNUSED_FUNCTION = YES;
				GCC_WARN_UNUSED_VARIABLE = YES;
				MACOSX_DEPLOYMENT_TARGET = 10.10;
				MTL_ENABLE_DEBUG_INFO = NO;
				SDKROOT = macosx;
			};
			name = Release;
		};
		12BC84251B08DFDE00A94CB7 /* Debug */ = {
			isa = XCBuildConfiguration;
			buildSettings = {
				PRODUCT_NAME = "$(TARGET_NAME)";
			};
			name = Debug;
		};
		12BC84261B08DFDE00A94CB7 /* Release */ = {
			isa = XCBuildConfiguration;
			buildSettings = {
				PRODUCT_NAME = "$(TARGET_NAME)";
			};
			name = Release;
		};
/* End XCBuildConfiguration section */

/* Begin XCConfigurationList section */
		12BC84181B08DFDE00A94CB7 /* Build configuration list for PBXProject "ThirtyOne" */ = {
			isa = XCConfigurationList;
			buildConfigurations = (
				12BC84221B08DFDE00A94CB7 /* Debug */,
				12BC84231B08DFDE00A94CB7 /* Release */,
			);
			defaultConfigurationIsVisible = 0;
			defaultConfigurationName = Release;
		};
		12BC84241B08DFDE00A94CB7 /* Build configuration list for PBXNativeTarget "ThirtyOne" */ = {
			isa = XCConfigurationList;
			buildConfigurations = (
				12BC84251B08DFDE00A94CB7 /* Debug */,
				12BC84261B08DFDE00A94CB7 /* Release */,
			);
			defaultConfigurationIsVisible = 0;
		};
/* End XCConfigurationList section */
	};
	rootObject = 12BC84151B08DFDE00A94CB7 /* Project object */;
}
